
Microsoft Visual Studio Solution File, Format Version 12.00
Project("{FAE04EC0-301F-11D3-BF4B-00C04F79EFBC}") = "DGD208 Assignment 1", "DGD208 Assignment 1.csproj", "{3E96991F-E285-48CD-9D53-4A5990092981}"
EndProject
Global
	GlobalSection(SolutionConfigurationPlatforms) = preSolution
		Debug|Any CPU = Debug|Any CPU
		Release|Any CPU = Release|Any CPU
	EndGlobalSection
	GlobalSection(ProjectConfigurationPlatforms) = postSolution
		{3E96991F-E285-48CD-9D53-4A5990092981}.Debug|Any CPU.ActiveCfg = Debug|Any CPU
		{3E96991F-E285-48CD-9D53-4A5990092981}.Debug|Any CPU.Build.0 = Debug|Any CPU
		{3E96991F-E285-48CD-9D53-4A5990092981}.Release|Any CPU.ActiveCfg = Release|Any CPU
		{3E96991F-E285-48CD-9D53-4A5990092981}.Release|Any CPU.Build.0 = Release|Any CPU
	EndGlobalSection
EndGlobal
